
Microsoft Visual Studio Solution File, Format Version 12.00
# Visual Studio Version 17
VisualStudioVersion = 17.11.35208.52
MinimumVisualStudioVersion = 10.0.40219.1
Project("{FAE04EC0-301F-11D3-BF4B-00C04F79EFBC}") = "company.Web", "company.Web.csproj", "{383AADDD-BF41-4360-8B83-CCC997B98D7D}"
EndProject
Project("{FAE04EC0-301F-11D3-BF4B-00C04F79EFBC}") = "Company.Data", "..\Data.Models\Company.Data.csproj", "{DC14278E-90B6-4BE1-A79C-46460890776C}"
EndProject
Project("{FAE04EC0-301F-11D3-BF4B-00C04F79EFBC}") = "Company.Repository", "..\Company.Repository\Company.Repository.csproj", "{BE4FE90B-22F7-4FEF-92D0-767575E5FF6C}"
EndProject
Project("{FAE04EC0-301F-11D3-BF4B-00C04F79EFBC}") = "Company.Service", "..\Company.Service\Company.Service.csproj", "{E7CFE17A-0D28-4316-A178-ED22EF343142}"
EndProject
Global
	GlobalSection(SolutionConfigurationPlatforms) = preSolution
		Debug|Any CPU = Debug|Any CPU
		Release|Any CPU = Release|Any CPU
	EndGlobalSection
	GlobalSection(ProjectConfigurationPlatforms) = postSolution
		{383AADDD-BF41-4360-8B83-CCC997B98D7D}.Debug|Any CPU.ActiveCfg = Debug|Any CPU
		{383AADDD-BF41-4360-8B83-CCC997B98D7D}.Debug|Any CPU.Build.0 = Debug|Any CPU
		{383AADDD-BF41-4360-8B83-CCC997B98D7D}.Release|Any CPU.ActiveCfg = Release|Any CPU
		{383AADDD-BF41-4360-8B83-CCC997B98D7D}.Release|Any CPU.Build.0 = Release|Any CPU
		{DC14278E-90B6-4BE1-A79C-46460890776C}.Debug|Any CPU.ActiveCfg = Debug|Any CPU
		{DC14278E-90B6-4BE1-A79C-46460890776C}.Debug|Any CPU.Build.0 = Debug|Any CPU
		{DC14278E-90B6-4BE1-A79C-46460890776C}.Release|Any CPU.ActiveCfg = Release|Any CPU
		{DC14278E-90B6-4BE1-A79C-46460890776C}.Release|Any CPU.Build.0 = Release|Any CPU
		{BE4FE90B-22F7-4FEF-92D0-767575E5FF6C}.Debug|Any CPU.ActiveCfg = Debug|Any CPU
		{BE4FE90B-22F7-4FEF-92D0-767575E5FF6C}.Debug|Any CPU.Build.0 = Debug|Any CPU
		{BE4FE90B-22F7-4FEF-92D0-767575E5FF6C}.Release|Any CPU.ActiveCfg = Release|Any CPU
		{BE4FE90B-22F7-4FEF-92D0-767575E5FF6C}.Release|Any CPU.Build.0 = Release|Any CPU
		{E7CFE17A-0D28-4316-A178-ED22EF343142}.Debug|Any CPU.ActiveCfg = Debug|Any CPU
		{E7CFE17A-0D28-4316-A178-ED22EF343142}.Debug|Any CPU.Build.0 = Debug|Any CPU
		{E7CFE17A-0D28-4316-A178-ED22EF343142}.Release|Any CPU.ActiveCfg = Release|Any CPU
		{E7CFE17A-0D28-4316-A178-ED22EF343142}.Release|Any CPU.Build.0 = Release|Any CPU
	EndGlobalSection
	GlobalSection(SolutionProperties) = preSolution
		HideSolutionNode = FALSE
	EndGlobalSection
	GlobalSection(ExtensibilityGlobals) = postSolution
		SolutionGuid = {BB8BD723-5C40-4D12-AE3E-32F78636FF31}
	EndGlobalSection
EndGlobal
